
Microsoft Visual Studio Solution File, Format Version 12.00
# Visual Studio Version 16
VisualStudioVersion = 16.0.30503.244
MinimumVisualStudioVersion = 10.0.40219.1
Project("{FAE04EC0-301F-11D3-BF4B-00C04F79EFBC}") = "GamesControl", "GamesControl\GamesControl.csproj", "{DFF393E5-431A-4ED9-9063-67F8D43DCBDB}"
EndProject
Project("{FAE04EC0-301F-11D3-BF4B-00C04F79EFBC}") = "GamesControlBLL", "GamesControlBLL\GamesControlBLL.csproj", "{A2BF3F83-A453-4046-B314-3D23962EDC8B}"
EndProject
Project("{FAE04EC0-301F-11D3-BF4B-00C04F79EFBC}") = "GamesControlDAL", "GamesControlDAL\GamesControlDAL.csproj", "{9E893270-C1DC-4248-84B0-07AF2B86626A}"
EndProject
Project("{FAE04EC0-301F-11D3-BF4B-00C04F79EFBC}") = "Library.Entities", "Library.Entities\Library.Entities.csproj", "{701C4947-F183-4E41-9212-5D70BAFCAA0F}"
EndProject
Global
	GlobalSection(SolutionConfigurationPlatforms) = preSolution
		Debug|Any CPU = Debug|Any CPU
		Debug|ARM = Debug|ARM
		Debug|ARM64 = Debug|ARM64
		Debug|x64 = Debug|x64
		Debug|x86 = Debug|x86
		Release|Any CPU = Release|Any CPU
		Release|ARM = Release|ARM
		Release|ARM64 = Release|ARM64
		Release|x64 = Release|x64
		Release|x86 = Release|x86
	EndGlobalSection
	GlobalSection(ProjectConfigurationPlatforms) = postSolution
		{DFF393E5-431A-4ED9-9063-67F8D43DCBDB}.Debug|Any CPU.ActiveCfg = Debug|Any CPU
		{DFF393E5-431A-4ED9-9063-67F8D43DCBDB}.Debug|Any CPU.Build.0 = Debug|Any CPU
		{DFF393E5-431A-4ED9-9063-67F8D43DCBDB}.Debug|ARM.ActiveCfg = Debug|Any CPU
		{DFF393E5-431A-4ED9-9063-67F8D43DCBDB}.Debug|ARM.Build.0 = Debug|Any CPU
		{DFF393E5-431A-4ED9-9063-67F8D43DCBDB}.Debug|ARM64.ActiveCfg = Debug|Any CPU
		{DFF393E5-431A-4ED9-9063-67F8D43DCBDB}.Debug|ARM64.Build.0 = Debug|Any CPU
		{DFF393E5-431A-4ED9-9063-67F8D43DCBDB}.Debug|x64.ActiveCfg = Debug|Any CPU
		{DFF393E5-431A-4ED9-9063-67F8D43DCBDB}.Debug|x64.Build.0 = Debug|Any CPU
		{DFF393E5-431A-4ED9-9063-67F8D43DCBDB}.Debug|x86.ActiveCfg = Debug|Any CPU
		{DFF393E5-431A-4ED9-9063-67F8D43DCBDB}.Debug|x86.Build.0 = Debug|Any CPU
		{DFF393E5-431A-4ED9-9063-67F8D43DCBDB}.Release|Any CPU.ActiveCfg = Release|Any CPU
		{DFF393E5-431A-4ED9-9063-67F8D43DCBDB}.Release|Any CPU.Build.0 = Release|Any CPU
		{DFF393E5-431A-4ED9-9063-67F8D43DCBDB}.Release|ARM.ActiveCfg = Release|Any CPU
		{DFF393E5-431A-4ED9-9063-67F8D43DCBDB}.Release|ARM.Build.0 = Release|Any CPU
		{DFF393E5-431A-4ED9-9063-67F8D43DCBDB}.Release|ARM64.ActiveCfg = Release|Any CPU
		{DFF393E5-431A-4ED9-9063-67F8D43DCBDB}.Release|ARM64.Build.0 = Release|Any CPU
		{DFF393E5-431A-4ED9-9063-67F8D43DCBDB}.Release|x64.ActiveCfg = Release|Any CPU
		{DFF393E5-431A-4ED9-9063-67F8D43DCBDB}.Release|x64.Build.0 = Release|Any CPU
		{DFF393E5-431A-4ED9-9063-67F8D43DCBDB}.Release|x86.ActiveCfg = Release|Any CPU
		{DFF393E5-431A-4ED9-9063-67F8D43DCBDB}.Release|x86.Build.0 = Release|Any CPU
		{A2BF3F83-A453-4046-B314-3D23962EDC8B}.Debug|Any CPU.ActiveCfg = Debug|Any CPU
		{A2BF3F83-A453-4046-B314-3D23962EDC8B}.Debug|Any CPU.Build.0 = Debug|Any CPU
		{A2BF3F83-A453-4046-B314-3D23962EDC8B}.Debug|ARM.ActiveCfg = Debug|ARM
		{A2BF3F83-A453-4046-B314-3D23962EDC8B}.Debug|ARM.Build.0 = Debug|ARM
		{A2BF3F83-A453-4046-B314-3D23962EDC8B}.Debug|ARM64.ActiveCfg = Debug|ARM64
		{A2BF3F83-A453-4046-B314-3D23962EDC8B}.Debug|ARM64.Build.0 = Debug|ARM64
		{A2BF3F83-A453-4046-B314-3D23962EDC8B}.Debug|x64.ActiveCfg = Debug|x64
		{A2BF3F83-A453-4046-B314-3D23962EDC8B}.Debug|x64.Build.0 = Debug|x64
		{A2BF3F83-A453-4046-B314-3D23962EDC8B}.Debug|x86.ActiveCfg = Debug|x86
		{A2BF3F83-A453-4046-B314-3D23962EDC8B}.Debug|x86.Build.0 = Debug|x86
		{A2BF3F83-A453-4046-B314-3D23962EDC8B}.Release|Any CPU.ActiveCfg = Release|Any CPU
		{A2BF3F83-A453-4046-B314-3D23962EDC8B}.Release|Any CPU.Build.0 = Release|Any CPU
		{A2BF3F83-A453-4046-B314-3D23962EDC8B}.Release|ARM.ActiveCfg = Release|ARM
		{A2BF3F83-A453-4046-B314-3D23962EDC8B}.Release|ARM.Build.0 = Release|ARM
		{A2BF3F83-A453-4046-B314-3D23962EDC8B}.Release|ARM64.ActiveCfg = Release|ARM64
		{A2BF3F83-A453-4046-B314-3D23962EDC8B}.Release|ARM64.Build.0 = Release|ARM64
		{A2BF3F83-A453-4046-B314-3D23962EDC8B}.Release|x64.ActiveCfg = Release|x64
		{A2BF3F83-A453-4046-B314-3D23962EDC8B}.Release|x64.Build.0 = Release|x64
		{A2BF3F83-A453-4046-B314-3D23962EDC8B}.Release|x86.ActiveCfg = Release|x86
		{A2BF3F83-A453-4046-B314-3D23962EDC8B}.Release|x86.Build.0 = Release|x86
		{9E893270-C1DC-4248-84B0-07AF2B86626A}.Debug|Any CPU.ActiveCfg = Debug|Any CPU
		{9E893270-C1DC-4248-84B0-07AF2B86626A}.Debug|Any CPU.Build.0 = Debug|Any CPU
		{9E893270-C1DC-4248-84B0-07AF2B86626A}.Debug|ARM.ActiveCfg = Debug|ARM
		{9E893270-C1DC-4248-84B0-07AF2B86626A}.Debug|ARM.Build.0 = Debug|ARM
		{9E893270-C1DC-4248-84B0-07AF2B86626A}.Debug|ARM64.ActiveCfg = Debug|ARM64
		{9E893270-C1DC-4248-84B0-07AF2B86626A}.Debug|ARM64.Build.0 = Debug|ARM64
		{9E893270-C1DC-4248-84B0-07AF2B86626A}.Debug|x64.ActiveCfg = Debug|x64
		{9E893270-C1DC-4248-84B0-07AF2B86626A}.Debug|x64.Build.0 = Debug|x64
		{9E893270-C1DC-4248-84B0-07AF2B86626A}.Debug|x86.ActiveCfg = Debug|x86
		{9E893270-C1DC-4248-84B0-07AF2B86626A}.Debug|x86.Build.0 = Debug|x86
		{9E893270-C1DC-4248-84B0-07AF2B86626A}.Release|Any CPU.ActiveCfg = Release|Any CPU
		{9E893270-C1DC-4248-84B0-07AF2B86626A}.Release|Any CPU.Build.0 = Release|Any CPU
		{9E893270-C1DC-4248-84B0-07AF2B86626A}.Release|ARM.ActiveCfg = Release|ARM
		{9E893270-C1DC-4248-84B0-07AF2B86626A}.Release|ARM.Build.0 = Release|ARM
		{9E893270-C1DC-4248-84B0-07AF2B86626A}.Release|ARM64.ActiveCfg = Release|ARM64
		{9E893270-C1DC-4248-84B0-07AF2B86626A}.Release|ARM64.Build.0 = Release|ARM64
		{9E893270-C1DC-4248-84B0-07AF2B86626A}.Release|x64.ActiveCfg = Release|x64
		{9E893270-C1DC-4248-84B0-07AF2B86626A}.Release|x64.Build.0 = Release|x64
		{9E893270-C1DC-4248-84B0-07AF2B86626A}.Release|x86.ActiveCfg = Release|x86
		{9E893270-C1DC-4248-84B0-07AF2B86626A}.Release|x86.Build.0 = Release|x86
		{701C4947-F183-4E41-9212-5D70BAFCAA0F}.Debug|Any CPU.ActiveCfg = Debug|Any CPU
		{701C4947-F183-4E41-9212-5D70BAFCAA0F}.Debug|Any CPU.Build.0 = Debug|Any CPU
		{701C4947-F183-4E41-9212-5D70BAFCAA0F}.Debug|ARM.ActiveCfg = Debug|ARM
		{701C4947-F183-4E41-9212-5D70BAFCAA0F}.Debug|ARM.Build.0 = Debug|ARM
		{701C4947-F183-4E41-9212-5D70BAFCAA0F}.Debug|ARM64.ActiveCfg = Debug|ARM64
		{701C4947-F183-4E41-9212-5D70BAFCAA0F}.Debug|ARM64.Build.0 = Debug|ARM64
		{701C4947-F183-4E41-9212-5D70BAFCAA0F}.Debug|x64.ActiveCfg = Debug|x64
		{701C4947-F183-4E41-9212-5D70BAFCAA0F}.Debug|x64.Build.0 = Debug|x64
		{701C4947-F183-4E41-9212-5D70BAFCAA0F}.Debug|x86.ActiveCfg = Debug|x86
		{701C4947-F183-4E41-9212-5D70BAFCAA0F}.Debug|x86.Build.0 = Debug|x86
		{701C4947-F183-4E41-9212-5D70BAFCAA0F}.Release|Any CPU.ActiveCfg = Release|Any CPU
		{701C4947-F183-4E41-9212-5D70BAFCAA0F}.Release|Any CPU.Build.0 = Release|Any CPU
		{701C4947-F183-4E41-9212-5D70BAFCAA0F}.Release|ARM.ActiveCfg = Release|ARM
		{701C4947-F183-4E41-9212-5D70BAFCAA0F}.Release|ARM.Build.0 = Release|ARM
		{701C4947-F183-4E41-9212-5D70BAFCAA0F}.Release|ARM64.ActiveCfg = Release|ARM64
		{701C4947-F183-4E41-9212-5D70BAFCAA0F}.Release|ARM64.Build.0 = Release|ARM64
		{701C4947-F183-4E41-9212-5D70BAFCAA0F}.Release|x64.ActiveCfg = Release|x64
		{701C4947-F183-4E41-9212-5D70BAFCAA0F}.Release|x64.Build.0 = Release|x64
		{701C4947-F183-4E41-9212-5D70BAFCAA0F}.Release|x86.ActiveCfg = Release|x86
		{701C4947-F183-4E41-9212-5D70BAFCAA0F}.Release|x86.Build.0 = Release|x86
	EndGlobalSection
	GlobalSection(SolutionProperties) = preSolution
		HideSolutionNode = FALSE
	EndGlobalSection
	GlobalSection(ExtensibilityGlobals) = postSolution
		SolutionGuid = {EAFFA094-B563-44BA-83DA-D1A7AFC626BF}
	EndGlobalSection
EndGlobal
