
Microsoft Visual Studio Solution File, Format Version 12.00
# Visual Studio Version 16
VisualStudioVersion = 16.0.30503.244
MinimumVisualStudioVersion = 10.0.40219.1
Project("{FAE04EC0-301F-11D3-BF4B-00C04F79EFBC}") = "GamesControl", "GamesControl\GamesControl.csproj", "{DFF393E5-431A-4ED9-9063-67F8D43DCBDB}"
EndProject
Project("{FAE04EC0-301F-11D3-BF4B-00C04F79EFBC}") = "GamesControlBLL", "GamesControlBLL\GamesControlBLL.csproj", "{E2BF6D7C-8D34-465E-B34D-625797190D53}"
EndProject
Global
	GlobalSection(SolutionConfigurationPlatforms) = preSolution
		Debug|Any CPU = Debug|Any CPU
		Release|Any CPU = Release|Any CPU
	EndGlobalSection
	GlobalSection(ProjectConfigurationPlatforms) = postSolution
		{DFF393E5-431A-4ED9-9063-67F8D43DCBDB}.Debug|Any CPU.ActiveCfg = Debug|Any CPU
		{DFF393E5-431A-4ED9-9063-67F8D43DCBDB}.Debug|Any CPU.Build.0 = Debug|Any CPU
		{DFF393E5-431A-4ED9-9063-67F8D43DCBDB}.Release|Any CPU.ActiveCfg = Release|Any CPU
		{DFF393E5-431A-4ED9-9063-67F8D43DCBDB}.Release|Any CPU.Build.0 = Release|Any CPU
		{E2BF6D7C-8D34-465E-B34D-625797190D53}.Debug|Any CPU.ActiveCfg = Debug|Any CPU
		{E2BF6D7C-8D34-465E-B34D-625797190D53}.Debug|Any CPU.Build.0 = Debug|Any CPU
		{E2BF6D7C-8D34-465E-B34D-625797190D53}.Release|Any CPU.ActiveCfg = Release|Any CPU
		{E2BF6D7C-8D34-465E-B34D-625797190D53}.Release|Any CPU.Build.0 = Release|Any CPU
	EndGlobalSection
	GlobalSection(SolutionProperties) = preSolution
		HideSolutionNode = FALSE
	EndGlobalSection
	GlobalSection(ExtensibilityGlobals) = postSolution
		SolutionGuid = {EAFFA094-B563-44BA-83DA-D1A7AFC626BF}
	EndGlobalSection
EndGlobal
